
Microsoft Visual Studio Solution File, Format Version 12.00
# Visual Studio Version 16
VisualStudioVersion = 16.0.29102.190
MinimumVisualStudioVersion = 10.0.40219.1
Project("{FAE04EC0-301F-11D3-BF4B-00C04F79EFBC}") = "BlocAdminPdfParser", "BlocAdminPdfParser\BlocAdminPdfParser.csproj", "{7A38091C-0672-4453-AFAA-A88DE832036A}"
EndProject
Global
	GlobalSection(SolutionConfigurationPlatforms) = preSolution
		Debug|Any CPU = Debug|Any CPU
		Release|Any CPU = Release|Any CPU
	EndGlobalSection
	GlobalSection(ProjectConfigurationPlatforms) = postSolution
		{7A38091C-0672-4453-AFAA-A88DE832036A}.Debug|Any CPU.ActiveCfg = Debug|Any CPU
		{7A38091C-0672-4453-AFAA-A88DE832036A}.Debug|Any CPU.Build.0 = Debug|Any CPU
		{7A38091C-0672-4453-AFAA-A88DE832036A}.Release|Any CPU.ActiveCfg = Release|Any CPU
		{7A38091C-0672-4453-AFAA-A88DE832036A}.Release|Any CPU.Build.0 = Release|Any CPU
	EndGlobalSection
	GlobalSection(SolutionProperties) = preSolution
		HideSolutionNode = FALSE
	EndGlobalSection
	GlobalSection(ExtensibilityGlobals) = postSolution
		SolutionGuid = {F2EF1462-7474-4429-9A37-EC062CF4F57E}
	EndGlobalSection
EndGlobal
